// !$*UTF8*$!
{
	archiveVersion = 1;
	classes = {
	};
	objectVersion = 56;
	objects = {

/* Begin PBXBuildFile section */
		0523462628FF908B004198CD /* LoginViewController.swift in Sources */ = {isa = PBXBuildFile; fileRef = 0523462528FF908A004198CD /* LoginViewController.swift */; };
		0523462A28FF9259004198CD /* LoginCredentialsViewController.swift in Sources */ = {isa = PBXBuildFile; fileRef = 0523462928FF9259004198CD /* LoginCredentialsViewController.swift */; };
		0523462F28FF9A97004198CD /* UIViewController+ParentImplementing.swift in Sources */ = {isa = PBXBuildFile; fileRef = 0523462E28FF9A97004198CD /* UIViewController+ParentImplementing.swift */; };
		05430E28293A67CC009EF22C /* HomeViewController.swift in Sources */ = {isa = PBXBuildFile; fileRef = 05430E27293A67CC009EF22C /* HomeViewController.swift */; };
		05430E34293AADE6009EF22C /* HomeCoordinator.swift in Sources */ = {isa = PBXBuildFile; fileRef = 05430E33293AADE6009EF22C /* HomeCoordinator.swift */; };
		05430E38293AB237009EF22C /* EnterCodeViewController.swift in Sources */ = {isa = PBXBuildFile; fileRef = 05430E37293AB237009EF22C /* EnterCodeViewController.swift */; };
		05430E3A293B8D61009EF22C /* HomeModel.swift in Sources */ = {isa = PBXBuildFile; fileRef = 05430E39293B8D60009EF22C /* HomeModel.swift */; };
		05430E3C293B9054009EF22C /* UIViewController+AlertView.swift in Sources */ = {isa = PBXBuildFile; fileRef = 05430E3B293B9054009EF22C /* UIViewController+AlertView.swift */; };
		0567E91F28FF8CD6001F774A /* AppDelegate.swift in Sources */ = {isa = PBXBuildFile; fileRef = 0567E91E28FF8CD6001F774A /* AppDelegate.swift */; };
		0567E92128FF8CD6001F774A /* SceneDelegate.swift in Sources */ = {isa = PBXBuildFile; fileRef = 0567E92028FF8CD6001F774A /* SceneDelegate.swift */; };
		0567E92628FF8CD6001F774A /* Main.storyboard in Resources */ = {isa = PBXBuildFile; fileRef = 0567E92428FF8CD6001F774A /* Main.storyboard */; };
		0567E92828FF8CDA001F774A /* Assets.xcassets in Resources */ = {isa = PBXBuildFile; fileRef = 0567E92728FF8CDA001F774A /* Assets.xcassets */; };
		0567E92B28FF8CDA001F774A /* LaunchScreen.storyboard in Resources */ = {isa = PBXBuildFile; fileRef = 0567E92928FF8CDA001F774A /* LaunchScreen.storyboard */; };
		0567E93628FF8CDB001F774A /* MafiaTests.swift in Sources */ = {isa = PBXBuildFile; fileRef = 0567E93528FF8CDB001F774A /* MafiaTests.swift */; };
		0567E94028FF8CDB001F774A /* MafiaUITests.swift in Sources */ = {isa = PBXBuildFile; fileRef = 0567E93F28FF8CDB001F774A /* MafiaUITests.swift */; };
		0567E94228FF8CDB001F774A /* MafiaUITestsLaunchTests.swift in Sources */ = {isa = PBXBuildFile; fileRef = 0567E94128FF8CDB001F774A /* MafiaUITestsLaunchTests.swift */; };
		05BCB7FC293CE0F1009EC0F4 /* User.swift in Sources */ = {isa = PBXBuildFile; fileRef = 05BCB7FB293CE0F1009EC0F4 /* User.swift */; };
		05BCB800293CFC5D009EC0F4 /* GameCoordinator.swift in Sources */ = {isa = PBXBuildFile; fileRef = 05BCB7FF293CFC5D009EC0F4 /* GameCoordinator.swift */; };
		05BCB803293D053D009EC0F4 /* PlayDeskViewController.swift in Sources */ = {isa = PBXBuildFile; fileRef = 05BCB802293D053D009EC0F4 /* PlayDeskViewController.swift */; };
		05BCB80F293D1DAC009EC0F4 /* GameModel.swift in Sources */ = {isa = PBXBuildFile; fileRef = 05BCB80E293D1DAC009EC0F4 /* GameModel.swift */; };
		05EEA070292E7EC300E68DFE /* KeyChain.swift in Sources */ = {isa = PBXBuildFile; fileRef = 05EEA06F292E7EC300E68DFE /* KeyChain.swift */; };
		05F4C53E290280B800286D6F /* AsyncState.swift in Sources */ = {isa = PBXBuildFile; fileRef = 05F4C53D290280B800286D6F /* AsyncState.swift */; };
		05F4C540290280F300286D6F /* Notifier.swift in Sources */ = {isa = PBXBuildFile; fileRef = 05F4C53F290280F300286D6F /* Notifier.swift */; };
		05F4C54229029E3700286D6F /* URLSession+Extension.swift in Sources */ = {isa = PBXBuildFile; fileRef = 05F4C54129029E3700286D6F /* URLSession+Extension.swift */; };
		05F4C5442906AE2200286D6F /* CGColor+UIColor.swift in Sources */ = {isa = PBXBuildFile; fileRef = 05F4C5432906AE2200286D6F /* CGColor+UIColor.swift */; };
		05F4C5462906B18D00286D6F /* Functional.swift in Sources */ = {isa = PBXBuildFile; fileRef = 05F4C5452906B18D00286D6F /* Functional.swift */; };
		05F4C5482906B70100286D6F /* CollectionsExtension.swift in Sources */ = {isa = PBXBuildFile; fileRef = 05F4C5472906B70100286D6F /* CollectionsExtension.swift */; };
		0825F30C37DBCBD8F5FB17DD /* Pods_Mafia.framework in Frameworks */ = {isa = PBXBuildFile; fileRef = 03A4A114FFCFD550986DE997 /* Pods_Mafia.framework */; };
		9C5151E48D651B7DE7744314 /* Pods_MafiaTests.framework in Frameworks */ = {isa = PBXBuildFile; fileRef = 256FAFCBCF57BCF5141E7C3D /* Pods_MafiaTests.framework */; };
		E8CF526D5E3CBBC9A77E8477 /* Pods_Mafia_MafiaUITests.framework in Frameworks */ = {isa = PBXBuildFile; fileRef = A228C4169945046C33D5C36B /* Pods_Mafia_MafiaUITests.framework */; };
/* End PBXBuildFile section */

/* Begin PBXContainerItemProxy section */
		0567E93228FF8CDB001F774A /* PBXContainerItemProxy */ = {
			isa = PBXContainerItemProxy;
			containerPortal = 0567E91328FF8CD6001F774A /* Project object */;
			proxyType = 1;
			remoteGlobalIDString = 0567E91A28FF8CD6001F774A;
			remoteInfo = Mafia;
		};
		0567E93C28FF8CDB001F774A /* PBXContainerItemProxy */ = {
			isa = PBXContainerItemProxy;
			containerPortal = 0567E91328FF8CD6001F774A /* Project object */;
			proxyType = 1;
			remoteGlobalIDString = 0567E91A28FF8CD6001F774A;
			remoteInfo = Mafia;
		};
/* End PBXContainerItemProxy section */

/* Begin PBXFileReference section */
		03A4A114FFCFD550986DE997 /* Pods_Mafia.framework */ = {isa = PBXFileReference; explicitFileType = wrapper.framework; includeInIndex = 0; path = Pods_Mafia.framework; sourceTree = BUILT_PRODUCTS_DIR; };
		0523462528FF908A004198CD /* LoginViewController.swift */ = {isa = PBXFileReference; lastKnownFileType = sourcecode.swift; path = LoginViewController.swift; sourceTree = "<group>"; };
		0523462928FF9259004198CD /* LoginCredentialsViewController.swift */ = {isa = PBXFileReference; lastKnownFileType = sourcecode.swift; path = LoginCredentialsViewController.swift; sourceTree = "<group>"; };
		0523462E28FF9A97004198CD /* UIViewController+ParentImplementing.swift */ = {isa = PBXFileReference; lastKnownFileType = sourcecode.swift; path = "UIViewController+ParentImplementing.swift"; sourceTree = "<group>"; };
		05430E27293A67CC009EF22C /* HomeViewController.swift */ = {isa = PBXFileReference; lastKnownFileType = sourcecode.swift; path = HomeViewController.swift; sourceTree = "<group>"; };
		05430E33293AADE6009EF22C /* HomeCoordinator.swift */ = {isa = PBXFileReference; lastKnownFileType = sourcecode.swift; path = HomeCoordinator.swift; sourceTree = "<group>"; };
		05430E37293AB237009EF22C /* EnterCodeViewController.swift */ = {isa = PBXFileReference; lastKnownFileType = sourcecode.swift; path = EnterCodeViewController.swift; sourceTree = "<group>"; };
		05430E39293B8D60009EF22C /* HomeModel.swift */ = {isa = PBXFileReference; lastKnownFileType = sourcecode.swift; path = HomeModel.swift; sourceTree = "<group>"; };
		05430E3B293B9054009EF22C /* UIViewController+AlertView.swift */ = {isa = PBXFileReference; lastKnownFileType = sourcecode.swift; path = "UIViewController+AlertView.swift"; sourceTree = "<group>"; };
		0567E91B28FF8CD6001F774A /* Mafia.app */ = {isa = PBXFileReference; explicitFileType = wrapper.application; includeInIndex = 0; path = Mafia.app; sourceTree = BUILT_PRODUCTS_DIR; };
		0567E91E28FF8CD6001F774A /* AppDelegate.swift */ = {isa = PBXFileReference; lastKnownFileType = sourcecode.swift; path = AppDelegate.swift; sourceTree = "<group>"; };
		0567E92028FF8CD6001F774A /* SceneDelegate.swift */ = {isa = PBXFileReference; lastKnownFileType = sourcecode.swift; path = SceneDelegate.swift; sourceTree = "<group>"; };
		0567E92528FF8CD6001F774A /* Base */ = {isa = PBXFileReference; lastKnownFileType = file.storyboard; name = Base; path = Base.lproj/Main.storyboard; sourceTree = "<group>"; };
		0567E92728FF8CDA001F774A /* Assets.xcassets */ = {isa = PBXFileReference; lastKnownFileType = folder.assetcatalog; path = Assets.xcassets; sourceTree = "<group>"; };
		0567E92A28FF8CDA001F774A /* Base */ = {isa = PBXFileReference; lastKnownFileType = file.storyboard; name = Base; path = Base.lproj/LaunchScreen.storyboard; sourceTree = "<group>"; };
		0567E92C28FF8CDA001F774A /* Info.plist */ = {isa = PBXFileReference; lastKnownFileType = text.plist.xml; path = Info.plist; sourceTree = "<group>"; };
		0567E93128FF8CDB001F774A /* MafiaTests.xctest */ = {isa = PBXFileReference; explicitFileType = wrapper.cfbundle; includeInIndex = 0; path = MafiaTests.xctest; sourceTree = BUILT_PRODUCTS_DIR; };
		0567E93528FF8CDB001F774A /* MafiaTests.swift */ = {isa = PBXFileReference; lastKnownFileType = sourcecode.swift; path = MafiaTests.swift; sourceTree = "<group>"; };
		0567E93B28FF8CDB001F774A /* MafiaUITests.xctest */ = {isa = PBXFileReference; explicitFileType = wrapper.cfbundle; includeInIndex = 0; path = MafiaUITests.xctest; sourceTree = BUILT_PRODUCTS_DIR; };
		0567E93F28FF8CDB001F774A /* MafiaUITests.swift */ = {isa = PBXFileReference; lastKnownFileType = sourcecode.swift; path = MafiaUITests.swift; sourceTree = "<group>"; };
		0567E94128FF8CDB001F774A /* MafiaUITestsLaunchTests.swift */ = {isa = PBXFileReference; lastKnownFileType = sourcecode.swift; path = MafiaUITestsLaunchTests.swift; sourceTree = "<group>"; };
		05BCB7FB293CE0F1009EC0F4 /* User.swift */ = {isa = PBXFileReference; lastKnownFileType = sourcecode.swift; path = User.swift; sourceTree = "<group>"; };
		05BCB7FD293CF1CB009EC0F4 /* Mafia.entitlements */ = {isa = PBXFileReference; lastKnownFileType = text.plist.entitlements; path = Mafia.entitlements; sourceTree = "<group>"; };
		05BCB7FF293CFC5D009EC0F4 /* GameCoordinator.swift */ = {isa = PBXFileReference; lastKnownFileType = sourcecode.swift; path = GameCoordinator.swift; sourceTree = "<group>"; };
		05BCB802293D053D009EC0F4 /* PlayDeskViewController.swift */ = {isa = PBXFileReference; lastKnownFileType = sourcecode.swift; path = PlayDeskViewController.swift; sourceTree = "<group>"; };
		05BCB80E293D1DAC009EC0F4 /* GameModel.swift */ = {isa = PBXFileReference; lastKnownFileType = sourcecode.swift; path = GameModel.swift; sourceTree = "<group>"; };
		05EEA06F292E7EC300E68DFE /* KeyChain.swift */ = {isa = PBXFileReference; lastKnownFileType = sourcecode.swift; path = KeyChain.swift; sourceTree = "<group>"; };
		05F4C53D290280B800286D6F /* AsyncState.swift */ = {isa = PBXFileReference; lastKnownFileType = sourcecode.swift; path = AsyncState.swift; sourceTree = "<group>"; };
		05F4C53F290280F300286D6F /* Notifier.swift */ = {isa = PBXFileReference; lastKnownFileType = sourcecode.swift; path = Notifier.swift; sourceTree = "<group>"; };
		05F4C54129029E3700286D6F /* URLSession+Extension.swift */ = {isa = PBXFileReference; lastKnownFileType = sourcecode.swift; path = "URLSession+Extension.swift"; sourceTree = "<group>"; };
		05F4C5432906AE2200286D6F /* CGColor+UIColor.swift */ = {isa = PBXFileReference; lastKnownFileType = sourcecode.swift; path = "CGColor+UIColor.swift"; sourceTree = "<group>"; };
		05F4C5452906B18D00286D6F /* Functional.swift */ = {isa = PBXFileReference; lastKnownFileType = sourcecode.swift; path = Functional.swift; sourceTree = "<group>"; };
		05F4C5472906B70100286D6F /* CollectionsExtension.swift */ = {isa = PBXFileReference; lastKnownFileType = sourcecode.swift; path = CollectionsExtension.swift; sourceTree = "<group>"; };
		256FAFCBCF57BCF5141E7C3D /* Pods_MafiaTests.framework */ = {isa = PBXFileReference; explicitFileType = wrapper.framework; includeInIndex = 0; path = Pods_MafiaTests.framework; sourceTree = BUILT_PRODUCTS_DIR; };
		35289EAE3026555892D1B825 /* Pods-MafiaTests.debug.xcconfig */ = {isa = PBXFileReference; includeInIndex = 1; lastKnownFileType = text.xcconfig; name = "Pods-MafiaTests.debug.xcconfig"; path = "Target Support Files/Pods-MafiaTests/Pods-MafiaTests.debug.xcconfig"; sourceTree = "<group>"; };
		57C5A150EF947E83372A0BE9 /* Pods-Mafia.release.xcconfig */ = {isa = PBXFileReference; includeInIndex = 1; lastKnownFileType = text.xcconfig; name = "Pods-Mafia.release.xcconfig"; path = "Target Support Files/Pods-Mafia/Pods-Mafia.release.xcconfig"; sourceTree = "<group>"; };
		9BA6E7A026D7B38F45251C22 /* Pods-Mafia-MafiaUITests.release.xcconfig */ = {isa = PBXFileReference; includeInIndex = 1; lastKnownFileType = text.xcconfig; name = "Pods-Mafia-MafiaUITests.release.xcconfig"; path = "Target Support Files/Pods-Mafia-MafiaUITests/Pods-Mafia-MafiaUITests.release.xcconfig"; sourceTree = "<group>"; };
		A228C4169945046C33D5C36B /* Pods_Mafia_MafiaUITests.framework */ = {isa = PBXFileReference; explicitFileType = wrapper.framework; includeInIndex = 0; path = Pods_Mafia_MafiaUITests.framework; sourceTree = BUILT_PRODUCTS_DIR; };
		CD81AA0B0D64F940F6AAEE18 /* Pods-MafiaTests.release.xcconfig */ = {isa = PBXFileReference; includeInIndex = 1; lastKnownFileType = text.xcconfig; name = "Pods-MafiaTests.release.xcconfig"; path = "Target Support Files/Pods-MafiaTests/Pods-MafiaTests.release.xcconfig"; sourceTree = "<group>"; };
		D1B8A55C0D3F1B86F18F98B1 /* Pods-Mafia.debug.xcconfig */ = {isa = PBXFileReference; includeInIndex = 1; lastKnownFileType = text.xcconfig; name = "Pods-Mafia.debug.xcconfig"; path = "Target Support Files/Pods-Mafia/Pods-Mafia.debug.xcconfig"; sourceTree = "<group>"; };
		E8068ED3729F79A53E595DF7 /* Pods-Mafia-MafiaUITests.debug.xcconfig */ = {isa = PBXFileReference; includeInIndex = 1; lastKnownFileType = text.xcconfig; name = "Pods-Mafia-MafiaUITests.debug.xcconfig"; path = "Target Support Files/Pods-Mafia-MafiaUITests/Pods-Mafia-MafiaUITests.debug.xcconfig"; sourceTree = "<group>"; };
/* End PBXFileReference section */

/* Begin PBXFrameworksBuildPhase section */
		0567E91828FF8CD6001F774A /* Frameworks */ = {
			isa = PBXFrameworksBuildPhase;
			buildActionMask = 2147483647;
			files = (
				0825F30C37DBCBD8F5FB17DD /* Pods_Mafia.framework in Frameworks */,
			);
			runOnlyForDeploymentPostprocessing = 0;
		};
		0567E92E28FF8CDB001F774A /* Frameworks */ = {
			isa = PBXFrameworksBuildPhase;
			buildActionMask = 2147483647;
			files = (
				9C5151E48D651B7DE7744314 /* Pods_MafiaTests.framework in Frameworks */,
			);
			runOnlyForDeploymentPostprocessing = 0;
		};
		0567E93828FF8CDB001F774A /* Frameworks */ = {
			isa = PBXFrameworksBuildPhase;
			buildActionMask = 2147483647;
			files = (
				E8CF526D5E3CBBC9A77E8477 /* Pods_Mafia_MafiaUITests.framework in Frameworks */,
			);
			runOnlyForDeploymentPostprocessing = 0;
		};
/* End PBXFrameworksBuildPhase section */

/* Begin PBXGroup section */
		0523462428FF9070004198CD /* Login */ = {
			isa = PBXGroup;
			children = (
				0523462528FF908A004198CD /* LoginViewController.swift */,
				0523462928FF9259004198CD /* LoginCredentialsViewController.swift */,
			);
			path = Login;
			sourceTree = "<group>";
		};
		0523462C28FF9A51004198CD /* Network */ = {
			isa = PBXGroup;
			children = (
				05F4C54129029E3700286D6F /* URLSession+Extension.swift */,
			);
			path = Network;
			sourceTree = "<group>";
		};
		0523462D28FF9A61004198CD /* Extensions */ = {
			isa = PBXGroup;
			children = (
				0523462E28FF9A97004198CD /* UIViewController+ParentImplementing.swift */,
				05F4C5432906AE2200286D6F /* CGColor+UIColor.swift */,
				05F4C5472906B70100286D6F /* CollectionsExtension.swift */,
				05430E3B293B9054009EF22C /* UIViewController+AlertView.swift */,
			);
			path = Extensions;
			sourceTree = "<group>";
		};
		05430E26293A67B0009EF22C /* Home */ = {
			isa = PBXGroup;
			children = (
				05430E35293AB20F009EF22C /* JoinLobby */,
				05430E27293A67CC009EF22C /* HomeViewController.swift */,
				05430E39293B8D60009EF22C /* HomeModel.swift */,
			);
			path = Home;
			sourceTree = "<group>";
		};
		05430E35293AB20F009EF22C /* JoinLobby */ = {
			isa = PBXGroup;
			children = (
				05430E36293AB21C009EF22C /* EnterCodeView */,
			);
			path = JoinLobby;
			sourceTree = "<group>";
		};
		05430E36293AB21C009EF22C /* EnterCodeView */ = {
			isa = PBXGroup;
			children = (
				05430E37293AB237009EF22C /* EnterCodeViewController.swift */,
			);
			path = EnterCodeView;
			sourceTree = "<group>";
		};
		0567E91228FF8CD6001F774A = {
			isa = PBXGroup;
			children = (
				0567E91D28FF8CD6001F774A /* Mafia */,
				0567E93428FF8CDB001F774A /* MafiaTests */,
				0567E93E28FF8CDB001F774A /* MafiaUITests */,
				0567E91C28FF8CD6001F774A /* Products */,
				2ECA6B1FAAC0747EA290C7E6 /* Pods */,
				0E24A8F9597AA865C31C03F4 /* Frameworks */,
			);
			sourceTree = "<group>";
		};
		0567E91C28FF8CD6001F774A /* Products */ = {
			isa = PBXGroup;
			children = (
				0567E91B28FF8CD6001F774A /* Mafia.app */,
				0567E93128FF8CDB001F774A /* MafiaTests.xctest */,
				0567E93B28FF8CDB001F774A /* MafiaUITests.xctest */,
			);
			name = Products;
			sourceTree = "<group>";
		};
		0567E91D28FF8CD6001F774A /* Mafia */ = {
			isa = PBXGroup;
			children = (
				05BCB7FD293CF1CB009EC0F4 /* Mafia.entitlements */,
				05BCB7FE293CFC4D009EC0F4 /* Game */,
				05BCB7FA293CE0DE009EC0F4 /* UserData */,
				05430E33293AADE6009EF22C /* HomeCoordinator.swift */,
				05430E26293A67B0009EF22C /* Home */,
				05F4C53C290280A800286D6F /* Common */,
				0523462D28FF9A61004198CD /* Extensions */,
				0523462C28FF9A51004198CD /* Network */,
				0523462428FF9070004198CD /* Login */,
				0567E91E28FF8CD6001F774A /* AppDelegate.swift */,
				0567E92028FF8CD6001F774A /* SceneDelegate.swift */,
				0567E92428FF8CD6001F774A /* Main.storyboard */,
				0567E92728FF8CDA001F774A /* Assets.xcassets */,
				0567E92928FF8CDA001F774A /* LaunchScreen.storyboard */,
				0567E92C28FF8CDA001F774A /* Info.plist */,
			);
			path = Mafia;
			sourceTree = "<group>";
		};
		0567E93428FF8CDB001F774A /* MafiaTests */ = {
			isa = PBXGroup;
			children = (
				0567E93528FF8CDB001F774A /* MafiaTests.swift */,
			);
			path = MafiaTests;
			sourceTree = "<group>";
		};
		0567E93E28FF8CDB001F774A /* MafiaUITests */ = {
			isa = PBXGroup;
			children = (
				0567E93F28FF8CDB001F774A /* MafiaUITests.swift */,
				0567E94128FF8CDB001F774A /* MafiaUITestsLaunchTests.swift */,
			);
			path = MafiaUITests;
			sourceTree = "<group>";
		};
		05BCB7FA293CE0DE009EC0F4 /* UserData */ = {
			isa = PBXGroup;
			children = (
				05BCB7FB293CE0F1009EC0F4 /* User.swift */,
			);
			path = UserData;
			sourceTree = "<group>";
		};
		05BCB7FE293CFC4D009EC0F4 /* Game */ = {
			isa = PBXGroup;
			children = (
				05BCB801293D051F009EC0F4 /* PlayDesk */,
				05BCB7FF293CFC5D009EC0F4 /* GameCoordinator.swift */,
				05BCB80E293D1DAC009EC0F4 /* GameModel.swift */,
			);
			path = Game;
			sourceTree = "<group>";
		};
		05BCB801293D051F009EC0F4 /* PlayDesk */ = {
			isa = PBXGroup;
			children = (
				05BCB802293D053D009EC0F4 /* PlayDeskViewController.swift */,
			);
			path = PlayDesk;
			sourceTree = "<group>";
		};
		05F4C53C290280A800286D6F /* Common */ = {
			isa = PBXGroup;
			children = (
				05F4C53D290280B800286D6F /* AsyncState.swift */,
				05F4C53F290280F300286D6F /* Notifier.swift */,
				05F4C5452906B18D00286D6F /* Functional.swift */,
				05EEA06F292E7EC300E68DFE /* KeyChain.swift */,
			);
			path = Common;
			sourceTree = "<group>";
		};
		0E24A8F9597AA865C31C03F4 /* Frameworks */ = {
			isa = PBXGroup;
			children = (
				03A4A114FFCFD550986DE997 /* Pods_Mafia.framework */,
				A228C4169945046C33D5C36B /* Pods_Mafia_MafiaUITests.framework */,
				256FAFCBCF57BCF5141E7C3D /* Pods_MafiaTests.framework */,
			);
			name = Frameworks;
			sourceTree = "<group>";
		};
		2ECA6B1FAAC0747EA290C7E6 /* Pods */ = {
			isa = PBXGroup;
			children = (
				D1B8A55C0D3F1B86F18F98B1 /* Pods-Mafia.debug.xcconfig */,
				57C5A150EF947E83372A0BE9 /* Pods-Mafia.release.xcconfig */,
				E8068ED3729F79A53E595DF7 /* Pods-Mafia-MafiaUITests.debug.xcconfig */,
				9BA6E7A026D7B38F45251C22 /* Pods-Mafia-MafiaUITests.release.xcconfig */,
				35289EAE3026555892D1B825 /* Pods-MafiaTests.debug.xcconfig */,
				CD81AA0B0D64F940F6AAEE18 /* Pods-MafiaTests.release.xcconfig */,
			);
			path = Pods;
			sourceTree = "<group>";
		};
/* End PBXGroup section */

/* Begin PBXNativeTarget section */
		0567E91A28FF8CD6001F774A /* Mafia */ = {
			isa = PBXNativeTarget;
			buildConfigurationList = 0567E94528FF8CDB001F774A /* Build configuration list for PBXNativeTarget "Mafia" */;
			buildPhases = (
				31129B2B25AB64A2AAF342D1 /* [CP] Check Pods Manifest.lock */,
				0567E91728FF8CD6001F774A /* Sources */,
				0567E91828FF8CD6001F774A /* Frameworks */,
				0567E91928FF8CD6001F774A /* Resources */,
				CEC39290BE29A76D48E945D1 /* [CP] Embed Pods Frameworks */,
			);
			buildRules = (
			);
			dependencies = (
			);
			name = Mafia;
			productName = Mafia;
			productReference = 0567E91B28FF8CD6001F774A /* Mafia.app */;
			productType = "com.apple.product-type.application";
		};
		0567E93028FF8CDB001F774A /* MafiaTests */ = {
			isa = PBXNativeTarget;
			buildConfigurationList = 0567E94828FF8CDB001F774A /* Build configuration list for PBXNativeTarget "MafiaTests" */;
			buildPhases = (
				3EE7F3E5EA15540B4887F77C /* [CP] Check Pods Manifest.lock */,
				0567E92D28FF8CDB001F774A /* Sources */,
				0567E92E28FF8CDB001F774A /* Frameworks */,
				0567E92F28FF8CDB001F774A /* Resources */,
			);
			buildRules = (
			);
			dependencies = (
				0567E93328FF8CDB001F774A /* PBXTargetDependency */,
			);
			name = MafiaTests;
			productName = MafiaTests;
			productReference = 0567E93128FF8CDB001F774A /* MafiaTests.xctest */;
			productType = "com.apple.product-type.bundle.unit-test";
		};
		0567E93A28FF8CDB001F774A /* MafiaUITests */ = {
			isa = PBXNativeTarget;
			buildConfigurationList = 0567E94B28FF8CDB001F774A /* Build configuration list for PBXNativeTarget "MafiaUITests" */;
			buildPhases = (
				E91BDFE9C4902B3CCF25AECD /* [CP] Check Pods Manifest.lock */,
				0567E93728FF8CDB001F774A /* Sources */,
				0567E93828FF8CDB001F774A /* Frameworks */,
				0567E93928FF8CDB001F774A /* Resources */,
				6B2D5AA27DB5EAB3828D0692 /* [CP] Embed Pods Frameworks */,
			);
			buildRules = (
			);
			dependencies = (
				0567E93D28FF8CDB001F774A /* PBXTargetDependency */,
			);
			name = MafiaUITests;
			productName = MafiaUITests;
			productReference = 0567E93B28FF8CDB001F774A /* MafiaUITests.xctest */;
			productType = "com.apple.product-type.bundle.ui-testing";
		};
/* End PBXNativeTarget section */

/* Begin PBXProject section */
		0567E91328FF8CD6001F774A /* Project object */ = {
			isa = PBXProject;
			attributes = {
				BuildIndependentTargetsInParallel = 1;
				LastSwiftUpdateCheck = 1400;
				LastUpgradeCheck = 1400;
				TargetAttributes = {
					0567E91A28FF8CD6001F774A = {
						CreatedOnToolsVersion = 14.0.1;
					};
					0567E93028FF8CDB001F774A = {
						CreatedOnToolsVersion = 14.0.1;
						TestTargetID = 0567E91A28FF8CD6001F774A;
					};
					0567E93A28FF8CDB001F774A = {
						CreatedOnToolsVersion = 14.0.1;
						TestTargetID = 0567E91A28FF8CD6001F774A;
					};
				};
			};
			buildConfigurationList = 0567E91628FF8CD6001F774A /* Build configuration list for PBXProject "Mafia" */;
			compatibilityVersion = "Xcode 14.0";
			developmentRegion = en;
			hasScannedForEncodings = 0;
			knownRegions = (
				en,
				Base,
			);
			mainGroup = 0567E91228FF8CD6001F774A;
			productRefGroup = 0567E91C28FF8CD6001F774A /* Products */;
			projectDirPath = "";
			projectRoot = "";
			targets = (
				0567E91A28FF8CD6001F774A /* Mafia */,
				0567E93028FF8CDB001F774A /* MafiaTests */,
				0567E93A28FF8CDB001F774A /* MafiaUITests */,
			);
		};
/* End PBXProject section */

/* Begin PBXResourcesBuildPhase section */
		0567E91928FF8CD6001F774A /* Resources */ = {
			isa = PBXResourcesBuildPhase;
			buildActionMask = 2147483647;
			files = (
				0567E92B28FF8CDA001F774A /* LaunchScreen.storyboard in Resources */,
				0567E92828FF8CDA001F774A /* Assets.xcassets in Resources */,
				0567E92628FF8CD6001F774A /* Main.storyboard in Resources */,
			);
			runOnlyForDeploymentPostprocessing = 0;
		};
		0567E92F28FF8CDB001F774A /* Resources */ = {
			isa = PBXResourcesBuildPhase;
			buildActionMask = 2147483647;
			files = (
			);
			runOnlyForDeploymentPostprocessing = 0;
		};
		0567E93928FF8CDB001F774A /* Resources */ = {
			isa = PBXResourcesBuildPhase;
			buildActionMask = 2147483647;
			files = (
			);
			runOnlyForDeploymentPostprocessing = 0;
		};
/* End PBXResourcesBuildPhase section */

/* Begin PBXShellScriptBuildPhase section */
		31129B2B25AB64A2AAF342D1 /* [CP] Check Pods Manifest.lock */ = {
			isa = PBXShellScriptBuildPhase;
			buildActionMask = 2147483647;
			files = (
			);
			inputFileListPaths = (
			);
			inputPaths = (
				"${PODS_PODFILE_DIR_PATH}/Podfile.lock",
				"${PODS_ROOT}/Manifest.lock",
			);
			name = "[CP] Check Pods Manifest.lock";
			outputFileListPaths = (
			);
			outputPaths = (
				"$(DERIVED_FILE_DIR)/Pods-Mafia-checkManifestLockResult.txt",
			);
			runOnlyForDeploymentPostprocessing = 0;
			shellPath = /bin/sh;
			shellScript = "diff \"${PODS_PODFILE_DIR_PATH}/Podfile.lock\" \"${PODS_ROOT}/Manifest.lock\" > /dev/null\nif [ $? != 0 ] ; then\n    # print error to STDERR\n    echo \"error: The sandbox is not in sync with the Podfile.lock. Run 'pod install' or update your CocoaPods installation.\" >&2\n    exit 1\nfi\n# This output is used by Xcode 'outputs' to avoid re-running this script phase.\necho \"SUCCESS\" > \"${SCRIPT_OUTPUT_FILE_0}\"\n";
			showEnvVarsInLog = 0;
		};
		3EE7F3E5EA15540B4887F77C /* [CP] Check Pods Manifest.lock */ = {
			isa = PBXShellScriptBuildPhase;
			buildActionMask = 2147483647;
			files = (
			);
			inputFileListPaths = (
			);
			inputPaths = (
				"${PODS_PODFILE_DIR_PATH}/Podfile.lock",
				"${PODS_ROOT}/Manifest.lock",
			);
			name = "[CP] Check Pods Manifest.lock";
			outputFileListPaths = (
			);
			outputPaths = (
				"$(DERIVED_FILE_DIR)/Pods-MafiaTests-checkManifestLockResult.txt",
			);
			runOnlyForDeploymentPostprocessing = 0;
			shellPath = /bin/sh;
			shellScript = "diff \"${PODS_PODFILE_DIR_PATH}/Podfile.lock\" \"${PODS_ROOT}/Manifest.lock\" > /dev/null\nif [ $? != 0 ] ; then\n    # print error to STDERR\n    echo \"error: The sandbox is not in sync with the Podfile.lock. Run 'pod install' or update your CocoaPods installation.\" >&2\n    exit 1\nfi\n# This output is used by Xcode 'outputs' to avoid re-running this script phase.\necho \"SUCCESS\" > \"${SCRIPT_OUTPUT_FILE_0}\"\n";
			showEnvVarsInLog = 0;
		};
		6B2D5AA27DB5EAB3828D0692 /* [CP] Embed Pods Frameworks */ = {
			isa = PBXShellScriptBuildPhase;
			buildActionMask = 2147483647;
			files = (
			);
			inputFileListPaths = (
				"${PODS_ROOT}/Target Support Files/Pods-Mafia-MafiaUITests/Pods-Mafia-MafiaUITests-frameworks-${CONFIGURATION}-input-files.xcfilelist",
			);
			name = "[CP] Embed Pods Frameworks";
			outputFileListPaths = (
				"${PODS_ROOT}/Target Support Files/Pods-Mafia-MafiaUITests/Pods-Mafia-MafiaUITests-frameworks-${CONFIGURATION}-output-files.xcfilelist",
			);
			runOnlyForDeploymentPostprocessing = 0;
			shellPath = /bin/sh;
			shellScript = "\"${PODS_ROOT}/Target Support Files/Pods-Mafia-MafiaUITests/Pods-Mafia-MafiaUITests-frameworks.sh\"\n";
			showEnvVarsInLog = 0;
		};
		CEC39290BE29A76D48E945D1 /* [CP] Embed Pods Frameworks */ = {
			isa = PBXShellScriptBuildPhase;
			buildActionMask = 2147483647;
			files = (
			);
			inputFileListPaths = (
				"${PODS_ROOT}/Target Support Files/Pods-Mafia/Pods-Mafia-frameworks-${CONFIGURATION}-input-files.xcfilelist",
			);
			name = "[CP] Embed Pods Frameworks";
			outputFileListPaths = (
				"${PODS_ROOT}/Target Support Files/Pods-Mafia/Pods-Mafia-frameworks-${CONFIGURATION}-output-files.xcfilelist",
			);
			runOnlyForDeploymentPostprocessing = 0;
			shellPath = /bin/sh;
			shellScript = "\"${PODS_ROOT}/Target Support Files/Pods-Mafia/Pods-Mafia-frameworks.sh\"\n";
			showEnvVarsInLog = 0;
		};
		E91BDFE9C4902B3CCF25AECD /* [CP] Check Pods Manifest.lock */ = {
			isa = PBXShellScriptBuildPhase;
			buildActionMask = 2147483647;
			files = (
			);
			inputFileListPaths = (
			);
			inputPaths = (
				"${PODS_PODFILE_DIR_PATH}/Podfile.lock",
				"${PODS_ROOT}/Manifest.lock",
			);
			name = "[CP] Check Pods Manifest.lock";
			outputFileListPaths = (
			);
			outputPaths = (
				"$(DERIVED_FILE_DIR)/Pods-Mafia-MafiaUITests-checkManifestLockResult.txt",
			);
			runOnlyForDeploymentPostprocessing = 0;
			shellPath = /bin/sh;
			shellScript = "diff \"${PODS_PODFILE_DIR_PATH}/Podfile.lock\" \"${PODS_ROOT}/Manifest.lock\" > /dev/null\nif [ $? != 0 ] ; then\n    # print error to STDERR\n    echo \"error: The sandbox is not in sync with the Podfile.lock. Run 'pod install' or update your CocoaPods installation.\" >&2\n    exit 1\nfi\n# This output is used by Xcode 'outputs' to avoid re-running this script phase.\necho \"SUCCESS\" > \"${SCRIPT_OUTPUT_FILE_0}\"\n";
			showEnvVarsInLog = 0;
		};
/* End PBXShellScriptBuildPhase section */

/* Begin PBXSourcesBuildPhase section */
		0567E91728FF8CD6001F774A /* Sources */ = {
			isa = PBXSourcesBuildPhase;
			buildActionMask = 2147483647;
			files = (
				05430E38293AB237009EF22C /* EnterCodeViewController.swift in Sources */,
				05BCB800293CFC5D009EC0F4 /* GameCoordinator.swift in Sources */,
				05F4C53E290280B800286D6F /* AsyncState.swift in Sources */,
				05430E3C293B9054009EF22C /* UIViewController+AlertView.swift in Sources */,
				05F4C5482906B70100286D6F /* CollectionsExtension.swift in Sources */,
				05BCB80F293D1DAC009EC0F4 /* GameModel.swift in Sources */,
				05430E34293AADE6009EF22C /* HomeCoordinator.swift in Sources */,
				05F4C540290280F300286D6F /* Notifier.swift in Sources */,
				0523462F28FF9A97004198CD /* UIViewController+ParentImplementing.swift in Sources */,
				05430E28293A67CC009EF22C /* HomeViewController.swift in Sources */,
				0523462628FF908B004198CD /* LoginViewController.swift in Sources */,
				05430E3A293B8D61009EF22C /* HomeModel.swift in Sources */,
				0567E91F28FF8CD6001F774A /* AppDelegate.swift in Sources */,
				0567E92128FF8CD6001F774A /* SceneDelegate.swift in Sources */,
				05F4C5442906AE2200286D6F /* CGColor+UIColor.swift in Sources */,
				05F4C5462906B18D00286D6F /* Functional.swift in Sources */,
				05BCB803293D053D009EC0F4 /* PlayDeskViewController.swift in Sources */,
				05BCB7FC293CE0F1009EC0F4 /* User.swift in Sources */,
				0523462A28FF9259004198CD /* LoginCredentialsViewController.swift in Sources */,
				05F4C54229029E3700286D6F /* URLSession+Extension.swift in Sources */,
				05EEA070292E7EC300E68DFE /* KeyChain.swift in Sources */,
			);
			runOnlyForDeploymentPostprocessing = 0;
		};
		0567E92D28FF8CDB001F774A /* Sources */ = {
			isa = PBXSourcesBuildPhase;
			buildActionMask = 2147483647;
			files = (
				0567E93628FF8CDB001F774A /* MafiaTests.swift in Sources */,
			);
			runOnlyForDeploymentPostprocessing = 0;
		};
		0567E93728FF8CDB001F774A /* Sources */ = {
			isa = PBXSourcesBuildPhase;
			buildActionMask = 2147483647;
			files = (
				0567E94028FF8CDB001F774A /* MafiaUITests.swift in Sources */,
				0567E94228FF8CDB001F774A /* MafiaUITestsLaunchTests.swift in Sources */,
			);
			runOnlyForDeploymentPostprocessing = 0;
		};
/* End PBXSourcesBuildPhase section */

/* Begin PBXTargetDependency section */
		0567E93328FF8CDB001F774A /* PBXTargetDependency */ = {
			isa = PBXTargetDependency;
			target = 0567E91A28FF8CD6001F774A /* Mafia */;
			targetProxy = 0567E93228FF8CDB001F774A /* PBXContainerItemProxy */;
		};
		0567E93D28FF8CDB001F774A /* PBXTargetDependency */ = {
			isa = PBXTargetDependency;
			target = 0567E91A28FF8CD6001F774A /* Mafia */;
			targetProxy = 0567E93C28FF8CDB001F774A /* PBXContainerItemProxy */;
		};
/* End PBXTargetDependency section */

/* Begin PBXVariantGroup section */
		0567E92428FF8CD6001F774A /* Main.storyboard */ = {
			isa = PBXVariantGroup;
			children = (
				0567E92528FF8CD6001F774A /* Base */,
			);
			name = Main.storyboard;
			sourceTree = "<group>";
		};
		0567E92928FF8CDA001F774A /* LaunchScreen.storyboard */ = {
			isa = PBXVariantGroup;
			children = (
				0567E92A28FF8CDA001F774A /* Base */,
			);
			name = LaunchScreen.storyboard;
			sourceTree = "<group>";
		};
/* End PBXVariantGroup section */

/* Begin XCBuildConfiguration section */
		0567E94328FF8CDB001F774A /* Debug */ = {
			isa = XCBuildConfiguration;
			buildSettings = {
				ALWAYS_SEARCH_USER_PATHS = NO;
				CLANG_ANALYZER_NONNULL = YES;
				CLANG_ANALYZER_NUMBER_OBJECT_CONVERSION = YES_AGGRESSIVE;
				CLANG_CXX_LANGUAGE_STANDARD = "gnu++20";
				CLANG_ENABLE_MODULES = YES;
				CLANG_ENABLE_OBJC_ARC = YES;
				CLANG_ENABLE_OBJC_WEAK = YES;
				CLANG_WARN_BLOCK_CAPTURE_AUTORELEASING = YES;
				CLANG_WARN_BOOL_CONVERSION = YES;
				CLANG_WARN_COMMA = YES;
				CLANG_WARN_CONSTANT_CONVERSION = YES;
				CLANG_WARN_DEPRECATED_OBJC_IMPLEMENTATIONS = YES;
				CLANG_WARN_DIRECT_OBJC_ISA_USAGE = YES_ERROR;
				CLANG_WARN_DOCUMENTATION_COMMENTS = YES;
				CLANG_WARN_EMPTY_BODY = YES;
				CLANG_WARN_ENUM_CONVERSION = YES;
				CLANG_WARN_INFINITE_RECURSION = YES;
				CLANG_WARN_INT_CONVERSION = YES;
				CLANG_WARN_NON_LITERAL_NULL_CONVERSION = YES;
				CLANG_WARN_OBJC_IMPLICIT_RETAIN_SELF = YES;
				CLANG_WARN_OBJC_LITERAL_CONVERSION = YES;
				CLANG_WARN_OBJC_ROOT_CLASS = YES_ERROR;
				CLANG_WARN_QUOTED_INCLUDE_IN_FRAMEWORK_HEADER = YES;
				CLANG_WARN_RANGE_LOOP_ANALYSIS = YES;
				CLANG_WARN_STRICT_PROTOTYPES = YES;
				CLANG_WARN_SUSPICIOUS_MOVE = YES;
				CLANG_WARN_UNGUARDED_AVAILABILITY = YES_AGGRESSIVE;
				CLANG_WARN_UNREACHABLE_CODE = YES;
				CLANG_WARN__DUPLICATE_METHOD_MATCH = YES;
				COPY_PHASE_STRIP = NO;
				DEBUG_INFORMATION_FORMAT = dwarf;
				ENABLE_STRICT_OBJC_MSGSEND = YES;
				ENABLE_TESTABILITY = YES;
				GCC_C_LANGUAGE_STANDARD = gnu11;
				GCC_DYNAMIC_NO_PIC = NO;
				GCC_NO_COMMON_BLOCKS = YES;
				GCC_OPTIMIZATION_LEVEL = 0;
				GCC_PREPROCESSOR_DEFINITIONS = (
					"DEBUG=1",
					"$(inherited)",
				);
				GCC_WARN_64_TO_32_BIT_CONVERSION = YES;
				GCC_WARN_ABOUT_RETURN_TYPE = YES_ERROR;
				GCC_WARN_UNDECLARED_SELECTOR = YES;
				GCC_WARN_UNINITIALIZED_AUTOS = YES_AGGRESSIVE;
				GCC_WARN_UNUSED_FUNCTION = YES;
				GCC_WARN_UNUSED_VARIABLE = YES;
				IPHONEOS_DEPLOYMENT_TARGET = 14.0;
				MTL_ENABLE_DEBUG_INFO = INCLUDE_SOURCE;
				MTL_FAST_MATH = YES;
				ONLY_ACTIVE_ARCH = YES;
				SDKROOT = iphoneos;
				SWIFT_ACTIVE_COMPILATION_CONDITIONS = DEBUG;
				SWIFT_OPTIMIZATION_LEVEL = "-Onone";
			};
			name = Debug;
		};
		0567E94428FF8CDB001F774A /* Release */ = {
			isa = XCBuildConfiguration;
			buildSettings = {
				ALWAYS_SEARCH_USER_PATHS = NO;
				CLANG_ANALYZER_NONNULL = YES;
				CLANG_ANALYZER_NUMBER_OBJECT_CONVERSION = YES_AGGRESSIVE;
				CLANG_CXX_LANGUAGE_STANDARD = "gnu++20";
				CLANG_ENABLE_MODULES = YES;
				CLANG_ENABLE_OBJC_ARC = YES;
				CLANG_ENABLE_OBJC_WEAK = YES;
				CLANG_WARN_BLOCK_CAPTURE_AUTORELEASING = YES;
				CLANG_WARN_BOOL_CONVERSION = YES;
				CLANG_WARN_COMMA = YES;
				CLANG_WARN_CONSTANT_CONVERSION = YES;
				CLANG_WARN_DEPRECATED_OBJC_IMPLEMENTATIONS = YES;
				CLANG_WARN_DIRECT_OBJC_ISA_USAGE = YES_ERROR;
				CLANG_WARN_DOCUMENTATION_COMMENTS = YES;
				CLANG_WARN_EMPTY_BODY = YES;
				CLANG_WARN_ENUM_CONVERSION = YES;
				CLANG_WARN_INFINITE_RECURSION = YES;
				CLANG_WARN_INT_CONVERSION = YES;
				CLANG_WARN_NON_LITERAL_NULL_CONVERSION = YES;
				CLANG_WARN_OBJC_IMPLICIT_RETAIN_SELF = YES;
				CLANG_WARN_OBJC_LITERAL_CONVERSION = YES;
				CLANG_WARN_OBJC_ROOT_CLASS = YES_ERROR;
				CLANG_WARN_QUOTED_INCLUDE_IN_FRAMEWORK_HEADER = YES;
				CLANG_WARN_RANGE_LOOP_ANALYSIS = YES;
				CLANG_WARN_STRICT_PROTOTYPES = YES;
				CLANG_WARN_SUSPICIOUS_MOVE = YES;
				CLANG_WARN_UNGUARDED_AVAILABILITY = YES_AGGRESSIVE;
				CLANG_WARN_UNREACHABLE_CODE = YES;
				CLANG_WARN__DUPLICATE_METHOD_MATCH = YES;
				COPY_PHASE_STRIP = NO;
				DEBUG_INFORMATION_FORMAT = "dwarf-with-dsym";
				ENABLE_NS_ASSERTIONS = NO;
				ENABLE_STRICT_OBJC_MSGSEND = YES;
				GCC_C_LANGUAGE_STANDARD = gnu11;
				GCC_NO_COMMON_BLOCKS = YES;
				GCC_WARN_64_TO_32_BIT_CONVERSION = YES;
				GCC_WARN_ABOUT_RETURN_TYPE = YES_ERROR;
				GCC_WARN_UNDECLARED_SELECTOR = YES;
				GCC_WARN_UNINITIALIZED_AUTOS = YES_AGGRESSIVE;
				GCC_WARN_UNUSED_FUNCTION = YES;
				GCC_WARN_UNUSED_VARIABLE = YES;
				IPHONEOS_DEPLOYMENT_TARGET = 14.0;
				MTL_ENABLE_DEBUG_INFO = NO;
				MTL_FAST_MATH = YES;
				SDKROOT = iphoneos;
				SWIFT_COMPILATION_MODE = wholemodule;
				SWIFT_OPTIMIZATION_LEVEL = "-O";
				VALIDATE_PRODUCT = YES;
			};
			name = Release;
		};
		0567E94628FF8CDB001F774A /* Debug */ = {
			isa = XCBuildConfiguration;
			baseConfigurationReference = D1B8A55C0D3F1B86F18F98B1 /* Pods-Mafia.debug.xcconfig */;
			buildSettings = {
				ASSETCATALOG_COMPILER_APPICON_NAME = AppIcon;
				ASSETCATALOG_COMPILER_GLOBAL_ACCENT_COLOR_NAME = AccentColor;
				CODE_SIGN_ENTITLEMENTS = Mafia/Mafia.entitlements;
				CODE_SIGN_STYLE = Manual;
				CURRENT_PROJECT_VERSION = 1;
				DEVELOPMENT_TEAM = "";
				GENERATE_INFOPLIST_FILE = YES;
				INFOPLIST_FILE = Mafia/Info.plist;
				INFOPLIST_KEY_UIApplicationSupportsIndirectInputEvents = YES;
				INFOPLIST_KEY_UILaunchStoryboardName = LaunchScreen;
				INFOPLIST_KEY_UIMainStoryboardFile = Main;
				INFOPLIST_KEY_UISupportedInterfaceOrientations = UIInterfaceOrientationPortrait;
				LD_RUNPATH_SEARCH_PATHS = (
					"$(inherited)",
					"@executable_path/Frameworks",
				);
				MARKETING_VERSION = 1.0;
				PRODUCT_BUNDLE_IDENTIFIER = com.foston.Mafia;
				PRODUCT_NAME = "$(TARGET_NAME)";
				PROVISIONING_PROFILE_SPECIFIER = "";
				SWIFT_EMIT_LOC_STRINGS = YES;
				SWIFT_VERSION = 5.0;
				TARGETED_DEVICE_FAMILY = "1,2";
			};
			name = Debug;
		};
		0567E94728FF8CDB001F774A /* Release */ = {
			isa = XCBuildConfiguration;
			baseConfigurationReference = 57C5A150EF947E83372A0BE9 /* Pods-Mafia.release.xcconfig */;
			buildSettings = {
				ASSETCATALOG_COMPILER_APPICON_NAME = AppIcon;
				ASSETCATALOG_COMPILER_GLOBAL_ACCENT_COLOR_NAME = AccentColor;
				CODE_SIGN_ENTITLEMENTS = Mafia/Mafia.entitlements;
				CODE_SIGN_STYLE = Manual;
				CURRENT_PROJECT_VERSION = 1;
				DEVELOPMENT_TEAM = "";
				GENERATE_INFOPLIST_FILE = YES;
				INFOPLIST_FILE = Mafia/Info.plist;
				INFOPLIST_KEY_UIApplicationSupportsIndirectInputEvents = YES;
				INFOPLIST_KEY_UILaunchStoryboardName = LaunchScreen;
				INFOPLIST_KEY_UIMainStoryboardFile = Main;
				INFOPLIST_KEY_UISupportedInterfaceOrientations = UIInterfaceOrientationPortrait;
				LD_RUNPATH_SEARCH_PATHS = (
					"$(inherited)",
					"@executable_path/Frameworks",
				);
				MARKETING_VERSION = 1.0;
				PRODUCT_BUNDLE_IDENTIFIER = com.foston.Mafia;
				PRODUCT_NAME = "$(TARGET_NAME)";
				PROVISIONING_PROFILE_SPECIFIER = "";
				SWIFT_EMIT_LOC_STRINGS = YES;
				SWIFT_VERSION = 5.0;
				TARGETED_DEVICE_FAMILY = "1,2";
			};
			name = Release;
		};
		0567E94928FF8CDB001F774A /* Debug */ = {
			isa = XCBuildConfiguration;
			baseConfigurationReference = 35289EAE3026555892D1B825 /* Pods-MafiaTests.debug.xcconfig */;
			buildSettings = {
				ALWAYS_EMBED_SWIFT_STANDARD_LIBRARIES = YES;
				BUNDLE_LOADER = "$(TEST_HOST)";
				CODE_SIGN_STYLE = Automatic;
				CURRENT_PROJECT_VERSION = 1;
				DEVELOPMENT_TEAM = K6SG3GJ9A3;
				GENERATE_INFOPLIST_FILE = YES;
				IPHONEOS_DEPLOYMENT_TARGET = 16.0;
				MARKETING_VERSION = 1.0;
				PRODUCT_BUNDLE_IDENTIFIER = com.foston.MafiaTests;
				PRODUCT_NAME = "$(TARGET_NAME)";
				SWIFT_EMIT_LOC_STRINGS = NO;
				SWIFT_VERSION = 5.0;
				TARGETED_DEVICE_FAMILY = "1,2";
				TEST_HOST = "$(BUILT_PRODUCTS_DIR)/Mafia.app/$(BUNDLE_EXECUTABLE_FOLDER_PATH)/Mafia";
			};
			name = Debug;
		};
		0567E94A28FF8CDB001F774A /* Release */ = {
			isa = XCBuildConfiguration;
			baseConfigurationReference = CD81AA0B0D64F940F6AAEE18 /* Pods-MafiaTests.release.xcconfig */;
			buildSettings = {
				ALWAYS_EMBED_SWIFT_STANDARD_LIBRARIES = YES;
				BUNDLE_LOADER = "$(TEST_HOST)";
				CODE_SIGN_STYLE = Automatic;
				CURRENT_PROJECT_VERSION = 1;
				DEVELOPMENT_TEAM = K6SG3GJ9A3;
				GENERATE_INFOPLIST_FILE = YES;
				IPHONEOS_DEPLOYMENT_TARGET = 16.0;
				MARKETING_VERSION = 1.0;
				PRODUCT_BUNDLE_IDENTIFIER = com.foston.MafiaTests;
				PRODUCT_NAME = "$(TARGET_NAME)";
				SWIFT_EMIT_LOC_STRINGS = NO;
				SWIFT_VERSION = 5.0;
				TARGETED_DEVICE_FAMILY = "1,2";
				TEST_HOST = "$(BUILT_PRODUCTS_DIR)/Mafia.app/$(BUNDLE_EXECUTABLE_FOLDER_PATH)/Mafia";
			};
			name = Release;
		};
		0567E94C28FF8CDB001F774A /* Debug */ = {
			isa = XCBuildConfiguration;
			baseConfigurationReference = E8068ED3729F79A53E595DF7 /* Pods-Mafia-MafiaUITests.debug.xcconfig */;
			buildSettings = {
				ALWAYS_EMBED_SWIFT_STANDARD_LIBRARIES = YES;
				CODE_SIGN_STYLE = Automatic;
				CURRENT_PROJECT_VERSION = 1;
				DEVELOPMENT_TEAM = K6SG3GJ9A3;
				GENERATE_INFOPLIST_FILE = YES;
				MARKETING_VERSION = 1.0;
				PRODUCT_BUNDLE_IDENTIFIER = com.foston.MafiaUITests;
				PRODUCT_NAME = "$(TARGET_NAME)";
				SWIFT_EMIT_LOC_STRINGS = NO;
				SWIFT_VERSION = 5.0;
				TARGETED_DEVICE_FAMILY = "1,2";
				TEST_TARGET_NAME = Mafia;
			};
			name = Debug;
		};
		0567E94D28FF8CDB001F774A /* Release */ = {
			isa = XCBuildConfiguration;
			baseConfigurationReference = 9BA6E7A026D7B38F45251C22 /* Pods-Mafia-MafiaUITests.release.xcconfig */;
			buildSettings = {
				ALWAYS_EMBED_SWIFT_STANDARD_LIBRARIES = YES;
				CODE_SIGN_STYLE = Automatic;
				CURRENT_PROJECT_VERSION = 1;
				DEVELOPMENT_TEAM = K6SG3GJ9A3;
				GENERATE_INFOPLIST_FILE = YES;
				MARKETING_VERSION = 1.0;
				PRODUCT_BUNDLE_IDENTIFIER = com.foston.MafiaUITests;
				PRODUCT_NAME = "$(TARGET_NAME)";
				SWIFT_EMIT_LOC_STRINGS = NO;
				SWIFT_VERSION = 5.0;
				TARGETED_DEVICE_FAMILY = "1,2";
				TEST_TARGET_NAME = Mafia;
			};
			name = Release;
		};
/* End XCBuildConfiguration section */

/* Begin XCConfigurationList section */
		0567E91628FF8CD6001F774A /* Build configuration list for PBXProject "Mafia" */ = {
			isa = XCConfigurationList;
			buildConfigurations = (
				0567E94328FF8CDB001F774A /* Debug */,
				0567E94428FF8CDB001F774A /* Release */,
			);
			defaultConfigurationIsVisible = 0;
			defaultConfigurationName = Release;
		};
		0567E94528FF8CDB001F774A /* Build configuration list for PBXNativeTarget "Mafia" */ = {
			isa = XCConfigurationList;
			buildConfigurations = (
				0567E94628FF8CDB001F774A /* Debug */,
				0567E94728FF8CDB001F774A /* Release */,
			);
			defaultConfigurationIsVisible = 0;
			defaultConfigurationName = Release;
		};
		0567E94828FF8CDB001F774A /* Build configuration list for PBXNativeTarget "MafiaTests" */ = {
			isa = XCConfigurationList;
			buildConfigurations = (
				0567E94928FF8CDB001F774A /* Debug */,
				0567E94A28FF8CDB001F774A /* Release */,
			);
			defaultConfigurationIsVisible = 0;
			defaultConfigurationName = Release;
		};
		0567E94B28FF8CDB001F774A /* Build configuration list for PBXNativeTarget "MafiaUITests" */ = {
			isa = XCConfigurationList;
			buildConfigurations = (
				0567E94C28FF8CDB001F774A /* Debug */,
				0567E94D28FF8CDB001F774A /* Release */,
			);
			defaultConfigurationIsVisible = 0;
			defaultConfigurationName = Release;
		};
/* End XCConfigurationList section */
	};
	rootObject = 0567E91328FF8CD6001F774A /* Project object */;
}
